
Microsoft Visual Studio Solution File, Format Version 12.00
# Visual Studio Version 16
VisualStudioVersion = 16.0.29318.209
MinimumVisualStudioVersion = 10.0.40219.1
Project("{9A19103F-16F7-4668-BE54-9A1E7A4F7556}") = "Thunder.Standard.Lib", "Thunder.Standard.Lib.csproj", "{38FB12F6-F5F9-43C7-83DB-A20B8AF41E2E}"
EndProject
Global
	GlobalSection(SolutionConfigurationPlatforms) = preSolution
		Debug|Any CPU = Debug|Any CPU
		Release|Any CPU = Release|Any CPU
	EndGlobalSection
	GlobalSection(ProjectConfigurationPlatforms) = postSolution
		{38FB12F6-F5F9-43C7-83DB-A20B8AF41E2E}.Debug|Any CPU.ActiveCfg = Debug|Any CPU
		{38FB12F6-F5F9-43C7-83DB-A20B8AF41E2E}.Debug|Any CPU.Build.0 = Debug|Any CPU
		{38FB12F6-F5F9-43C7-83DB-A20B8AF41E2E}.Release|Any CPU.ActiveCfg = Release|Any CPU
		{38FB12F6-F5F9-43C7-83DB-A20B8AF41E2E}.Release|Any CPU.Build.0 = Release|Any CPU
	EndGlobalSection
	GlobalSection(SolutionProperties) = preSolution
		HideSolutionNode = FALSE
	EndGlobalSection
	GlobalSection(ExtensibilityGlobals) = postSolution
		SolutionGuid = {516B2861-EFB6-4B01-961D-3BF01A7B071A}
	EndGlobalSection
EndGlobal
